# DO NOT EDIT MANUALLY - Managed by Fern Replay
version: "1.0"
generations:
  - commit_sha: 7ec0a68fa513af0f3e11b55c66fb9f3ab6664317
    tree_hash: 7e90ce12e66caf2b3e1d82b554fab636f887aecb
    timestamp: 2026-07-01T18:16:24.529Z
    cli_version: unknown
    generator_versions: {}
current_generation: 7ec0a68fa513af0f3e11b55c66fb9f3ab6664317
patches: []
