# DO NOT EDIT MANUALLY - Managed by Fern Replay
version: "1.0"
generations:
  - commit_sha: a1c6092cc00dca56259110e7ad5d14b616d25ed5
    tree_hash: 15237b3bbb8dd236320fd291333325fa5deaa7c4
    timestamp: 2026-08-26T21:24:49.543Z
    cli_version: unknown
    generator_versions: {}
  - commit_sha: 1735ab7a694dde2421a5b241d3e2456555036319
    tree_hash: 5bedc29e2ecd80a8e60ba9a95be750be081e17bc
    timestamp: 2026-08-26T21:24:50.724Z
    cli_version: unknown
    generator_versions:
      fernapi/fern-typescript-sdk: 3.63.0
  - commit_sha: 92047a8b769dc260c0da76eda16965ea37a7f652
    tree_hash: 61b329f02b7d8bf2a33abaa0fcd9cae6e769df13
    timestamp: 2026-09-04T19:34:56.895Z
    cli_version: unknown
    generator_versions:
      fernapi/fern-typescript-sdk: 3.63.0
current_generation: 92047a8b769dc260c0da76eda16965ea37a7f652
patches: []
