# DO NOT EDIT MANUALLY - Managed by Fern Replay
version: "1.0"
generations:
  - commit_sha: a1c6092cc00dca56259110e7ad5d14b616d25ed5
    tree_hash: 15237b3bbb8dd236320fd291333325fa5deaa7c4
    timestamp: 2026-08-26T21:24:49.543Z
    cli_version: unknown
    generator_versions: {}
current_generation: a1c6092cc00dca56259110e7ad5d14b616d25ed5
patches: []
